Microsoft Visual Studio Solution File, Format Version 11.00
# Visual Studio 2008

Project("{FB9625C4-F39E-C315-7E71-BEFAD1598B2C}") = "3m18d", "Assembly-CSharp-firstpass-vs.csproj", "{E194731A-9246-F500-1A79-F29303561690}"
EndProject
Project("{FB9625C4-F39E-C315-7E71-BEFAD1598B2C}") = "3m18d", "Assembly-CSharp-vs.csproj", "{F9ECA95D-E864-1154-66F5-D6514C592365}"
EndProject
Global
	GlobalSection(SolutionConfigurationPlatforms) = preSolution
		Debug|Any CPU = Debug|Any CPU
		Release|Any CPU = Release|Any CPU
	EndGlobalSection
	GlobalSection(ProjectConfigurationPlatforms) = postSolution
		{E194731A-9246-F500-1A79-F29303561690}.Debug|Any CPU.ActiveCfg = Debug|Any CPU
		{E194731A-9246-F500-1A79-F29303561690}.Debug|Any CPU.Build.0 = Debug|Any CPU
		{E194731A-9246-F500-1A79-F29303561690}.Release|Any CPU.ActiveCfg = Release|Any CPU
		{E194731A-9246-F500-1A79-F29303561690}.Release|Any CPU.Build.0 = Release|Any CPU
		{F9ECA95D-E864-1154-66F5-D6514C592365}.Debug|Any CPU.ActiveCfg = Debug|Any CPU
		{F9ECA95D-E864-1154-66F5-D6514C592365}.Debug|Any CPU.Build.0 = Debug|Any CPU
		{F9ECA95D-E864-1154-66F5-D6514C592365}.Release|Any CPU.ActiveCfg = Release|Any CPU
		{F9ECA95D-E864-1154-66F5-D6514C592365}.Release|Any CPU.Build.0 = Release|Any CPU
	EndGlobalSection
	GlobalSection(SolutionProperties) = preSolution
		HideSolutionNode = FALSE
	EndGlobalSection
				GlobalSection(MonoDevelopProperties) = preSolution
		StartupItem = Assembly-CSharp.csproj
		Policies = $0
		$0.TextStylePolicy = $1
		$1.inheritsSet = null
		$1.scope = text/x-csharp
		$0.CSharpFormattingPolicy = $2
		$2.inheritsSet = Mono
		$2.inheritsScope = text/x-csharp
		$2.scope = text/x-csharp
		$0.TextStylePolicy = $3
		$3.FileWidth = 120
		$3.TabWidth = 4
		$3.EolMarker = Unix
		$3.inheritsSet = Mono
		$3.inheritsScope = text/plain
		$3.scope = text/plain
	EndGlobalSection

EndGlobal
