Microsoft Visual Studio Solution File, Format Version 11.00
# Visual Studio 2008

Project("{E301D4F6-5A0C-01B8-B4FB-F2630A05292C}") = "3m19d", "Assembly-CSharp-firstpass.csproj", "{1B33B74A-6E36-1129-3BA7-A499E6E1E6AB}"
EndProject
Project("{E301D4F6-5A0C-01B8-B4FB-F2630A05292C}") = "3m19d", "Assembly-CSharp.csproj", "{57321227-5001-110F-9774-28919D2399B4}"
EndProject
Project("{E301D4F6-5A0C-01B8-B4FB-F2630A05292C}") = "3m19d", "Assembly-UnityScript-firstpass.unityproj", "{6D46F29E-9072-7FB8-795E-693788088837}"
EndProject
Global
	GlobalSection(SolutionConfigurationPlatforms) = preSolution
		Debug|Any CPU = Debug|Any CPU
		Release|Any CPU = Release|Any CPU
	EndGlobalSection
	GlobalSection(ProjectConfigurationPlatforms) = postSolution
		{1B33B74A-6E36-1129-3BA7-A499E6E1E6AB}.Debug|Any CPU.ActiveCfg = Debug|Any CPU
		{1B33B74A-6E36-1129-3BA7-A499E6E1E6AB}.Debug|Any CPU.Build.0 = Debug|Any CPU
		{1B33B74A-6E36-1129-3BA7-A499E6E1E6AB}.Release|Any CPU.ActiveCfg = Release|Any CPU
		{1B33B74A-6E36-1129-3BA7-A499E6E1E6AB}.Release|Any CPU.Build.0 = Release|Any CPU
		{57321227-5001-110F-9774-28919D2399B4}.Debug|Any CPU.ActiveCfg = Debug|Any CPU
		{57321227-5001-110F-9774-28919D2399B4}.Debug|Any CPU.Build.0 = Debug|Any CPU
		{57321227-5001-110F-9774-28919D2399B4}.Release|Any CPU.ActiveCfg = Release|Any CPU
		{57321227-5001-110F-9774-28919D2399B4}.Release|Any CPU.Build.0 = Release|Any CPU
		{6D46F29E-9072-7FB8-795E-693788088837}.Debug|Any CPU.ActiveCfg = Debug|Any CPU
		{6D46F29E-9072-7FB8-795E-693788088837}.Debug|Any CPU.Build.0 = Debug|Any CPU
		{6D46F29E-9072-7FB8-795E-693788088837}.Release|Any CPU.ActiveCfg = Release|Any CPU
		{6D46F29E-9072-7FB8-795E-693788088837}.Release|Any CPU.Build.0 = Release|Any CPU
	EndGlobalSection
	GlobalSection(SolutionProperties) = preSolution
		HideSolutionNode = FALSE
	EndGlobalSection
				GlobalSection(MonoDevelopProperties) = preSolution
		StartupItem = Assembly-CSharp.csproj
		Policies = $0
		$0.TextStylePolicy = $1
		$1.inheritsSet = null
		$1.scope = text/x-csharp
		$0.CSharpFormattingPolicy = $2
		$2.inheritsSet = Mono
		$2.inheritsScope = text/x-csharp
		$2.scope = text/x-csharp
		$0.TextStylePolicy = $3
		$3.FileWidth = 120
		$3.TabWidth = 4
		$3.EolMarker = Unix
		$3.inheritsSet = Mono
		$3.inheritsScope = text/plain
		$3.scope = text/plain
	EndGlobalSection

EndGlobal
